
Microsoft Visual Studio Solution File, Format Version 12.00
# Visual Studio 15
VisualStudioVersion = 15.0.26430.16
MinimumVisualStudioVersion = 10.0.40219.1
Project("{9A19103F-16F7-4668-BE54-9A1E7A4F7556}") = "Order", "OpenCloseDemo\Order.csproj", "{97E27572-2C8C-4C59-A345-311F976CA36A}"
EndProject
Project("{FAE04EC0-301F-11D3-BF4B-00C04F79EFBC}") = "OrderTest", "OrderTest\OrderTest.csproj", "{579542B1-EFE9-40F1-9E15-C3413F8E07AB}"
EndProject
Global
	GlobalSection(SolutionConfigurationPlatforms) = preSolution
		Debug|Any CPU = Debug|Any CPU
		Release|Any CPU = Release|Any CPU
	EndGlobalSection
	GlobalSection(ProjectConfigurationPlatforms) = postSolution
		{97E27572-2C8C-4C59-A345-311F976CA36A}.Debug|Any CPU.ActiveCfg = Debug|Any CPU
		{97E27572-2C8C-4C59-A345-311F976CA36A}.Debug|Any CPU.Build.0 = Debug|Any CPU
		{97E27572-2C8C-4C59-A345-311F976CA36A}.Release|Any CPU.ActiveCfg = Release|Any CPU
		{97E27572-2C8C-4C59-A345-311F976CA36A}.Release|Any CPU.Build.0 = Release|Any CPU
		{579542B1-EFE9-40F1-9E15-C3413F8E07AB}.Debug|Any CPU.ActiveCfg = Debug|Any CPU
		{579542B1-EFE9-40F1-9E15-C3413F8E07AB}.Debug|Any CPU.Build.0 = Debug|Any CPU
		{579542B1-EFE9-40F1-9E15-C3413F8E07AB}.Release|Any CPU.ActiveCfg = Release|Any CPU
		{579542B1-EFE9-40F1-9E15-C3413F8E07AB}.Release|Any CPU.Build.0 = Release|Any CPU
	EndGlobalSection
	GlobalSection(SolutionProperties) = preSolution
		HideSolutionNode = FALSE
	EndGlobalSection
EndGlobal
